
Microsoft Visual Studio Solution File, Format Version 12.00
# Visual Studio 15
VisualStudioVersion = 15.0.28307.1525
MinimumVisualStudioVersion = 10.0.40219.1
Project("{00D1A9C2-B5F0-4AF3-8072-F6C62B433612}") = "DWH2021_dacpac", "DWH2021_dacpac\DWH2021_dacpac.sqlproj", "{A0F09D3B-1A24-425D-9543-1DDD6D9D742A}"
EndProject
Global
	GlobalSection(SolutionConfigurationPlatforms) = preSolution
		Debug|Any CPU = Debug|Any CPU
		Release|Any CPU = Release|Any CPU
	EndGlobalSection
	GlobalSection(ProjectConfigurationPlatforms) = postSolution
		{A0F09D3B-1A24-425D-9543-1DDD6D9D742A}.Debug|Any CPU.ActiveCfg = Debug|Any CPU
		{A0F09D3B-1A24-425D-9543-1DDD6D9D742A}.Debug|Any CPU.Build.0 = Debug|Any CPU
		{A0F09D3B-1A24-425D-9543-1DDD6D9D742A}.Debug|Any CPU.Deploy.0 = Debug|Any CPU
		{A0F09D3B-1A24-425D-9543-1DDD6D9D742A}.Release|Any CPU.ActiveCfg = Release|Any CPU
		{A0F09D3B-1A24-425D-9543-1DDD6D9D742A}.Release|Any CPU.Build.0 = Release|Any CPU
		{A0F09D3B-1A24-425D-9543-1DDD6D9D742A}.Release|Any CPU.Deploy.0 = Release|Any CPU
	EndGlobalSection
	GlobalSection(SolutionProperties) = preSolution
		HideSolutionNode = FALSE
	EndGlobalSection
	GlobalSection(ExtensibilityGlobals) = postSolution
		SolutionGuid = {B0AC5AC9-248B-4516-BE91-F025679EBA59}
	EndGlobalSection
EndGlobal
